// !$*UTF8*$!
{
	archiveVersion = 1;
	classes = {
	};
	objectVersion = 56;
	objects = {

/* Begin PBXBuildFile section */
		8C159B132B7084DD00E809BB /* MNDao.swift in Sources */ = {isa = PBXBuildFile; fileRef = 8C159B122B7084DD00E809BB /* MNDao.swift */; };
		8C159B142B7084DD00E809BB /* MNDao.swift in Sources */ = {isa = PBXBuildFile; fileRef = 8C159B122B7084DD00E809BB /* MNDao.swift */; };
		8C159B152B7084DD00E809BB /* MNDao.swift in Sources */ = {isa = PBXBuildFile; fileRef = 8C159B122B7084DD00E809BB /* MNDao.swift */; };
		8C159B172B70851600E809BB /* MNUser.swift in Sources */ = {isa = PBXBuildFile; fileRef = 8C159B162B70851600E809BB /* MNUser.swift */; };
		8C159B182B70851600E809BB /* MNUser.swift in Sources */ = {isa = PBXBuildFile; fileRef = 8C159B162B70851600E809BB /* MNUser.swift */; };
		8C159B192B70851600E809BB /* MNUser.swift in Sources */ = {isa = PBXBuildFile; fileRef = 8C159B162B70851600E809BB /* MNUser.swift */; };
		8C159B1B2B709F0600E809BB /* FetchService.swift in Sources */ = {isa = PBXBuildFile; fileRef = 8C159B1A2B709F0600E809BB /* FetchService.swift */; };
		8C159B1C2B709F0600E809BB /* FetchService.swift in Sources */ = {isa = PBXBuildFile; fileRef = 8C159B1A2B709F0600E809BB /* FetchService.swift */; };
		8C159B1D2B709F0600E809BB /* FetchService.swift in Sources */ = {isa = PBXBuildFile; fileRef = 8C159B1A2B709F0600E809BB /* FetchService.swift */; };
		8C159B1F2B70AB7900E809BB /* HTTPURLResponse+Extension.swift in Sources */ = {isa = PBXBuildFile; fileRef = 8C159B1E2B70AB7900E809BB /* HTTPURLResponse+Extension.swift */; };
		8C159B202B70AB7900E809BB /* HTTPURLResponse+Extension.swift in Sources */ = {isa = PBXBuildFile; fileRef = 8C159B1E2B70AB7900E809BB /* HTTPURLResponse+Extension.swift */; };
		8C159B212B70AB7900E809BB /* HTTPURLResponse+Extension.swift in Sources */ = {isa = PBXBuildFile; fileRef = 8C159B1E2B70AB7900E809BB /* HTTPURLResponse+Extension.swift */; };
		8C6867372B68E607004EE4CF /* MsalSampleApp.swift in Sources */ = {isa = PBXBuildFile; fileRef = 8C6867362B68E607004EE4CF /* MsalSampleApp.swift */; };
		8C6867392B68E607004EE4CF /* ContentView.swift in Sources */ = {isa = PBXBuildFile; fileRef = 8C6867382B68E607004EE4CF /* ContentView.swift */; };
		8C68673B2B68E609004EE4CF /* Assets.xcassets in Resources */ = {isa = PBXBuildFile; fileRef = 8C68673A2B68E609004EE4CF /* Assets.xcassets */; };
		8C68673E2B68E609004EE4CF /* Preview Assets.xcassets in Resources */ = {isa = PBXBuildFile; fileRef = 8C68673D2B68E609004EE4CF /* Preview Assets.xcassets */; };
		8C6867482B68E609004EE4CF /* MsalSampleTests.swift in Sources */ = {isa = PBXBuildFile; fileRef = 8C6867472B68E609004EE4CF /* MsalSampleTests.swift */; };
		8C6867522B68E609004EE4CF /* MsalSampleUITests.swift in Sources */ = {isa = PBXBuildFile; fileRef = 8C6867512B68E609004EE4CF /* MsalSampleUITests.swift */; };
		8C6867542B68E609004EE4CF /* MsalSampleUITestsLaunchTests.swift in Sources */ = {isa = PBXBuildFile; fileRef = 8C6867532B68E609004EE4CF /* MsalSampleUITestsLaunchTests.swift */; };
		8C6867622B68E75D004EE4CF /* MSAL in Frameworks */ = {isa = PBXBuildFile; productRef = 8C6867612B68E75D004EE4CF /* MSAL */; };
		8C6867662B69D82E004EE4CF /* Release.xcconfig in Resources */ = {isa = PBXBuildFile; fileRef = 8C6867652B69D82E004EE4CF /* Release.xcconfig */; };
		8C6867672B69D841004EE4CF /* Debug.xcconfig in Resources */ = {isa = PBXBuildFile; fileRef = 8C6867642B69D7F0004EE4CF /* Debug.xcconfig */; };
		8C6867692B69DC62004EE4CF /* Debug.Secret.xcconfig in Resources */ = {isa = PBXBuildFile; fileRef = 8C6867682B69DC62004EE4CF /* Debug.Secret.xcconfig */; };
		8C6867722B6A31A0004EE4CF /* Factory in Frameworks */ = {isa = PBXBuildFile; productRef = 8C6867712B6A31A0004EE4CF /* Factory */; };
		8C68677A2B6B31F7004EE4CF /* Logger.swift in Sources */ = {isa = PBXBuildFile; fileRef = 8C6867792B6B31F7004EE4CF /* Logger.swift */; };
		8C68677B2B6B31F7004EE4CF /* Logger.swift in Sources */ = {isa = PBXBuildFile; fileRef = 8C6867792B6B31F7004EE4CF /* Logger.swift */; };
		8C68677C2B6B31F7004EE4CF /* Logger.swift in Sources */ = {isa = PBXBuildFile; fileRef = 8C6867792B6B31F7004EE4CF /* Logger.swift */; };
		8C68677E2B6B358F004EE4CF /* AuthService.swift in Sources */ = {isa = PBXBuildFile; fileRef = 8C68677D2B6B358F004EE4CF /* AuthService.swift */; };
		8C68677F2B6B358F004EE4CF /* AuthService.swift in Sources */ = {isa = PBXBuildFile; fileRef = 8C68677D2B6B358F004EE4CF /* AuthService.swift */; };
		8C6867802B6B358F004EE4CF /* AuthService.swift in Sources */ = {isa = PBXBuildFile; fileRef = 8C68677D2B6B358F004EE4CF /* AuthService.swift */; };
		8C6867822B6B35E6004EE4CF /* Container.swift in Sources */ = {isa = PBXBuildFile; fileRef = 8C6867812B6B35E6004EE4CF /* Container.swift */; };
		8C6867832B6B35E6004EE4CF /* Container.swift in Sources */ = {isa = PBXBuildFile; fileRef = 8C6867812B6B35E6004EE4CF /* Container.swift */; };
		8C6867842B6B35E6004EE4CF /* Container.swift in Sources */ = {isa = PBXBuildFile; fileRef = 8C6867812B6B35E6004EE4CF /* Container.swift */; };
		8C6867862B6B42E7004EE4CF /* AuthCredentials.swift in Sources */ = {isa = PBXBuildFile; fileRef = 8C6867852B6B42E7004EE4CF /* AuthCredentials.swift */; };
		8C6867872B6B42E7004EE4CF /* AuthCredentials.swift in Sources */ = {isa = PBXBuildFile; fileRef = 8C6867852B6B42E7004EE4CF /* AuthCredentials.swift */; };
		8C6867882B6B42E7004EE4CF /* AuthCredentials.swift in Sources */ = {isa = PBXBuildFile; fileRef = 8C6867852B6B42E7004EE4CF /* AuthCredentials.swift */; };
		8C68678B2B6B583B004EE4CF /* Bundle+Extension.swift in Sources */ = {isa = PBXBuildFile; fileRef = 8C68678A2B6B583B004EE4CF /* Bundle+Extension.swift */; };
		8C68678C2B6B583B004EE4CF /* Bundle+Extension.swift in Sources */ = {isa = PBXBuildFile; fileRef = 8C68678A2B6B583B004EE4CF /* Bundle+Extension.swift */; };
		8C68678D2B6B583B004EE4CF /* Bundle+Extension.swift in Sources */ = {isa = PBXBuildFile; fileRef = 8C68678A2B6B583B004EE4CF /* Bundle+Extension.swift */; };
		8C68678F2B6B6365004EE4CF /* UIApplication+TopViewController.swift in Sources */ = {isa = PBXBuildFile; fileRef = 8C68678E2B6B6365004EE4CF /* UIApplication+TopViewController.swift */; };
		8C6867902B6B6365004EE4CF /* UIApplication+TopViewController.swift in Sources */ = {isa = PBXBuildFile; fileRef = 8C68678E2B6B6365004EE4CF /* UIApplication+TopViewController.swift */; };
		8C6867912B6B6365004EE4CF /* UIApplication+TopViewController.swift in Sources */ = {isa = PBXBuildFile; fileRef = 8C68678E2B6B6365004EE4CF /* UIApplication+TopViewController.swift */; };
		8C6867942B6C7032004EE4CF /* ContentViewModel.swift in Sources */ = {isa = PBXBuildFile; fileRef = 8C6867932B6C7032004EE4CF /* ContentViewModel.swift */; };
		8C6867952B6C7032004EE4CF /* ContentViewModel.swift in Sources */ = {isa = PBXBuildFile; fileRef = 8C6867932B6C7032004EE4CF /* ContentViewModel.swift */; };
		8C6867962B6C7032004EE4CF /* ContentViewModel.swift in Sources */ = {isa = PBXBuildFile; fileRef = 8C6867932B6C7032004EE4CF /* ContentViewModel.swift */; };
		8C68679B2B6CDDB6004EE4CF /* AppContext.swift in Sources */ = {isa = PBXBuildFile; fileRef = 8C68679A2B6CDDB6004EE4CF /* AppContext.swift */; };
		8C68679C2B6CDDB6004EE4CF /* AppContext.swift in Sources */ = {isa = PBXBuildFile; fileRef = 8C68679A2B6CDDB6004EE4CF /* AppContext.swift */; };
		8C68679D2B6CDDB6004EE4CF /* AppContext.swift in Sources */ = {isa = PBXBuildFile; fileRef = 8C68679A2B6CDDB6004EE4CF /* AppContext.swift */; };
/* End PBXBuildFile section */

/* Begin PBXContainerItemProxy section */
		8C6867442B68E609004EE4CF /* PBXContainerItemProxy */ = {
			isa = PBXContainerItemProxy;
			containerPortal = 8C68672B2B68E607004EE4CF /* Project object */;
			proxyType = 1;
			remoteGlobalIDString = 8C6867322B68E607004EE4CF;
			remoteInfo = MsalSample;
		};
		8C68674E2B68E609004EE4CF /* PBXContainerItemProxy */ = {
			isa = PBXContainerItemProxy;
			containerPortal = 8C68672B2B68E607004EE4CF /* Project object */;
			proxyType = 1;
			remoteGlobalIDString = 8C6867322B68E607004EE4CF;
			remoteInfo = MsalSample;
		};
/* End PBXContainerItemProxy section */

/* Begin PBXFileReference section */
		8C159B122B7084DD00E809BB /* MNDao.swift */ = {isa = PBXFileReference; lastKnownFileType = sourcecode.swift; path = MNDao.swift; sourceTree = "<group>"; };
		8C159B162B70851600E809BB /* MNUser.swift */ = {isa = PBXFileReference; lastKnownFileType = sourcecode.swift; path = MNUser.swift; sourceTree = "<group>"; };
		8C159B1A2B709F0600E809BB /* FetchService.swift */ = {isa = PBXFileReference; lastKnownFileType = sourcecode.swift; path = FetchService.swift; sourceTree = "<group>"; };
		8C159B1E2B70AB7900E809BB /* HTTPURLResponse+Extension.swift */ = {isa = PBXFileReference; lastKnownFileType = sourcecode.swift; path = "HTTPURLResponse+Extension.swift"; sourceTree = "<group>"; };
		8C6867332B68E607004EE4CF /* MsalSample.app */ = {isa = PBXFileReference; explicitFileType = wrapper.application; includeInIndex = 0; path = MsalSample.app; sourceTree = BUILT_PRODUCTS_DIR; };
		8C6867362B68E607004EE4CF /* MsalSampleApp.swift */ = {isa = PBXFileReference; lastKnownFileType = sourcecode.swift; path = MsalSampleApp.swift; sourceTree = "<group>"; };
		8C6867382B68E607004EE4CF /* ContentView.swift */ = {isa = PBXFileReference; lastKnownFileType = sourcecode.swift; path = ContentView.swift; sourceTree = "<group>"; };
		8C68673A2B68E609004EE4CF /* Assets.xcassets */ = {isa = PBXFileReference; lastKnownFileType = folder.assetcatalog; path = Assets.xcassets; sourceTree = "<group>"; };
		8C68673D2B68E609004EE4CF /* Preview Assets.xcassets */ = {isa = PBXFileReference; lastKnownFileType = folder.assetcatalog; path = "Preview Assets.xcassets"; sourceTree = "<group>"; };
		8C6867432B68E609004EE4CF /* MsalSampleTests.xctest */ = {isa = PBXFileReference; explicitFileType = wrapper.cfbundle; includeInIndex = 0; path = MsalSampleTests.xctest; sourceTree = BUILT_PRODUCTS_DIR; };
		8C6867472B68E609004EE4CF /* MsalSampleTests.swift */ = {isa = PBXFileReference; lastKnownFileType = sourcecode.swift; path = MsalSampleTests.swift; sourceTree = "<group>"; };
		8C68674D2B68E609004EE4CF /* MsalSampleUITests.xctest */ = {isa = PBXFileReference; explicitFileType = wrapper.cfbundle; includeInIndex = 0; path = MsalSampleUITests.xctest; sourceTree = BUILT_PRODUCTS_DIR; };
		8C6867512B68E609004EE4CF /* MsalSampleUITests.swift */ = {isa = PBXFileReference; lastKnownFileType = sourcecode.swift; path = MsalSampleUITests.swift; sourceTree = "<group>"; };
		8C6867532B68E609004EE4CF /* MsalSampleUITestsLaunchTests.swift */ = {isa = PBXFileReference; lastKnownFileType = sourcecode.swift; path = MsalSampleUITestsLaunchTests.swift; sourceTree = "<group>"; };
		8C6867642B69D7F0004EE4CF /* Debug.xcconfig */ = {isa = PBXFileReference; lastKnownFileType = text.xcconfig; path = Debug.xcconfig; sourceTree = "<group>"; };
		8C6867652B69D82E004EE4CF /* Release.xcconfig */ = {isa = PBXFileReference; lastKnownFileType = text.xcconfig; path = Release.xcconfig; sourceTree = "<group>"; };
		8C6867682B69DC62004EE4CF /* Debug.Secret.xcconfig */ = {isa = PBXFileReference; lastKnownFileType = text.xcconfig; path = Debug.Secret.xcconfig; sourceTree = "<group>"; };
		8C68676C2B69E0B0004EE4CF /* Info.plist */ = {isa = PBXFileReference; lastKnownFileType = text.plist; path = Info.plist; sourceTree = "<group>"; };
		8C68676D2B69EE90004EE4CF /* MsalSample.entitlements */ = {isa = PBXFileReference; lastKnownFileType = text.plist.entitlements; path = MsalSample.entitlements; sourceTree = "<group>"; };
		8C6867792B6B31F7004EE4CF /* Logger.swift */ = {isa = PBXFileReference; lastKnownFileType = sourcecode.swift; path = Logger.swift; sourceTree = "<group>"; };
		8C68677D2B6B358F004EE4CF /* AuthService.swift */ = {isa = PBXFileReference; lastKnownFileType = sourcecode.swift; path = AuthService.swift; sourceTree = "<group>"; };
		8C6867812B6B35E6004EE4CF /* Container.swift */ = {isa = PBXFileReference; lastKnownFileType = sourcecode.swift; path = Container.swift; sourceTree = "<group>"; };
		8C6867852B6B42E7004EE4CF /* AuthCredentials.swift */ = {isa = PBXFileReference; lastKnownFileType = sourcecode.swift; path = AuthCredentials.swift; sourceTree = "<group>"; };
		8C68678A2B6B583B004EE4CF /* Bundle+Extension.swift */ = {isa = PBXFileReference; lastKnownFileType = sourcecode.swift; path = "Bundle+Extension.swift"; sourceTree = "<group>"; };
		8C68678E2B6B6365004EE4CF /* UIApplication+TopViewController.swift */ = {isa = PBXFileReference; lastKnownFileType = sourcecode.swift; path = "UIApplication+TopViewController.swift"; sourceTree = "<group>"; };
		8C6867932B6C7032004EE4CF /* ContentViewModel.swift */ = {isa = PBXFileReference; lastKnownFileType = sourcecode.swift; path = ContentViewModel.swift; sourceTree = "<group>"; };
		8C68679A2B6CDDB6004EE4CF /* AppContext.swift */ = {isa = PBXFileReference; lastKnownFileType = sourcecode.swift; path = AppContext.swift; sourceTree = "<group>"; };
/* End PBXFileReference section */

/* Begin PBXFrameworksBuildPhase section */
		8C6867302B68E607004EE4CF /* Frameworks */ = {
			isa = PBXFrameworksBuildPhase;
			buildActionMask = 2147483647;
			files = (
				8C6867622B68E75D004EE4CF /* MSAL in Frameworks */,
				8C6867722B6A31A0004EE4CF /* Factory in Frameworks */,
			);
			runOnlyForDeploymentPostprocessing = 0;
		};
		8C6867402B68E609004EE4CF /* Frameworks */ = {
			isa = PBXFrameworksBuildPhase;
			buildActionMask = 2147483647;
			files = (
			);
			runOnlyForDeploymentPostprocessing = 0;
		};
		8C68674A2B68E609004EE4CF /* Frameworks */ = {
			isa = PBXFrameworksBuildPhase;
			buildActionMask = 2147483647;
			files = (
			);
			runOnlyForDeploymentPostprocessing = 0;
		};
/* End PBXFrameworksBuildPhase section */

/* Begin PBXGroup section */
		8C159B112B7084B600E809BB /* DAO */ = {
			isa = PBXGroup;
			children = (
				8C159B122B7084DD00E809BB /* MNDao.swift */,
				8C159B162B70851600E809BB /* MNUser.swift */,
			);
			path = DAO;
			sourceTree = "<group>";
		};
		8C68672A2B68E607004EE4CF = {
			isa = PBXGroup;
			children = (
				8C6867352B68E607004EE4CF /* MsalSample */,
				8C6867462B68E609004EE4CF /* MsalSampleTests */,
				8C6867502B68E609004EE4CF /* MsalSampleUITests */,
				8C6867342B68E607004EE4CF /* Products */,
			);
			sourceTree = "<group>";
		};
		8C6867342B68E607004EE4CF /* Products */ = {
			isa = PBXGroup;
			children = (
				8C6867332B68E607004EE4CF /* MsalSample.app */,
				8C6867432B68E609004EE4CF /* MsalSampleTests.xctest */,
				8C68674D2B68E609004EE4CF /* MsalSampleUITests.xctest */,
			);
			name = Products;
			sourceTree = "<group>";
		};
		8C6867352B68E607004EE4CF /* MsalSample */ = {
			isa = PBXGroup;
			children = (
				8C68676D2B69EE90004EE4CF /* MsalSample.entitlements */,
				8C68676C2B69E0B0004EE4CF /* Info.plist */,
				8C6867812B6B35E6004EE4CF /* Container.swift */,
				8C6867382B68E607004EE4CF /* ContentView.swift */,
				8C6867362B68E607004EE4CF /* MsalSampleApp.swift */,
				8C68673A2B68E609004EE4CF /* Assets.xcassets */,
				8C6867632B69D775004EE4CF /* Config */,
				8C6867892B6B5819004EE4CF /* Extension */,
				8C6867732B6B2922004EE4CF /* Model */,
				8C68673C2B68E609004EE4CF /* Preview Content */,
				8C6867782B6B31E4004EE4CF /* Service */,
				8C6867922B6C7018004EE4CF /* ViewModel */,
			);
			path = MsalSample;
			sourceTree = "<group>";
		};
		8C68673C2B68E609004EE4CF /* Preview Content */ = {
			isa = PBXGroup;
			children = (
				8C68673D2B68E609004EE4CF /* Preview Assets.xcassets */,
			);
			path = "Preview Content";
			sourceTree = "<group>";
		};
		8C6867462B68E609004EE4CF /* MsalSampleTests */ = {
			isa = PBXGroup;
			children = (
				8C6867472B68E609004EE4CF /* MsalSampleTests.swift */,
			);
			path = MsalSampleTests;
			sourceTree = "<group>";
		};
		8C6867502B68E609004EE4CF /* MsalSampleUITests */ = {
			isa = PBXGroup;
			children = (
				8C6867512B68E609004EE4CF /* MsalSampleUITests.swift */,
				8C6867532B68E609004EE4CF /* MsalSampleUITestsLaunchTests.swift */,
			);
			path = MsalSampleUITests;
			sourceTree = "<group>";
		};
		8C6867632B69D775004EE4CF /* Config */ = {
			isa = PBXGroup;
			children = (
				8C6867682B69DC62004EE4CF /* Debug.Secret.xcconfig */,
				8C6867642B69D7F0004EE4CF /* Debug.xcconfig */,
				8C6867652B69D82E004EE4CF /* Release.xcconfig */,
			);
			path = Config;
			sourceTree = "<group>";
		};
		8C6867732B6B2922004EE4CF /* Model */ = {
			isa = PBXGroup;
			children = (
				8C159B112B7084B600E809BB /* DAO */,
				8C68679A2B6CDDB6004EE4CF /* AppContext.swift */,
				8C6867852B6B42E7004EE4CF /* AuthCredentials.swift */,
			);
			path = Model;
			sourceTree = "<group>";
		};
		8C6867782B6B31E4004EE4CF /* Service */ = {
			isa = PBXGroup;
			children = (
				8C68677D2B6B358F004EE4CF /* AuthService.swift */,
				8C159B1A2B709F0600E809BB /* FetchService.swift */,
			);
			path = Service;
			sourceTree = "<group>";
		};
		8C6867892B6B5819004EE4CF /* Extension */ = {
			isa = PBXGroup;
			children = (
				8C68678A2B6B583B004EE4CF /* Bundle+Extension.swift */,
				8C159B1E2B70AB7900E809BB /* HTTPURLResponse+Extension.swift */,
				8C6867792B6B31F7004EE4CF /* Logger.swift */,
				8C68678E2B6B6365004EE4CF /* UIApplication+TopViewController.swift */,
			);
			path = Extension;
			sourceTree = "<group>";
		};
		8C6867922B6C7018004EE4CF /* ViewModel */ = {
			isa = PBXGroup;
			children = (
				8C6867932B6C7032004EE4CF /* ContentViewModel.swift */,
			);
			path = ViewModel;
			sourceTree = "<group>";
		};
/* End PBXGroup section */

/* Begin PBXNativeTarget section */
		8C6867322B68E607004EE4CF /* MsalSample */ = {
			isa = PBXNativeTarget;
			buildConfigurationList = 8C6867572B68E609004EE4CF /* Build configuration list for PBXNativeTarget "MsalSample" */;
			buildPhases = (
				8C68672F2B68E607004EE4CF /* Sources */,
				8C6867302B68E607004EE4CF /* Frameworks */,
				8C6867312B68E607004EE4CF /* Resources */,
			);
			buildRules = (
			);
			dependencies = (
			);
			name = MsalSample;
			packageProductDependencies = (
				8C6867612B68E75D004EE4CF /* MSAL */,
				8C6867712B6A31A0004EE4CF /* Factory */,
			);
			productName = MsalSample;
			productReference = 8C6867332B68E607004EE4CF /* MsalSample.app */;
			productType = "com.apple.product-type.application";
		};
		8C6867422B68E609004EE4CF /* MsalSampleTests */ = {
			isa = PBXNativeTarget;
			buildConfigurationList = 8C68675A2B68E609004EE4CF /* Build configuration list for PBXNativeTarget "MsalSampleTests" */;
			buildPhases = (
				8C68673F2B68E609004EE4CF /* Sources */,
				8C6867402B68E609004EE4CF /* Frameworks */,
				8C6867412B68E609004EE4CF /* Resources */,
			);
			buildRules = (
			);
			dependencies = (
				8C6867452B68E609004EE4CF /* PBXTargetDependency */,
			);
			name = MsalSampleTests;
			productName = MsalSampleTests;
			productReference = 8C6867432B68E609004EE4CF /* MsalSampleTests.xctest */;
			productType = "com.apple.product-type.bundle.unit-test";
		};
		8C68674C2B68E609004EE4CF /* MsalSampleUITests */ = {
			isa = PBXNativeTarget;
			buildConfigurationList = 8C68675D2B68E609004EE4CF /* Build configuration list for PBXNativeTarget "MsalSampleUITests" */;
			buildPhases = (
				8C6867492B68E609004EE4CF /* Sources */,
				8C68674A2B68E609004EE4CF /* Frameworks */,
				8C68674B2B68E609004EE4CF /* Resources */,
			);
			buildRules = (
			);
			dependencies = (
				8C68674F2B68E609004EE4CF /* PBXTargetDependency */,
			);
			name = MsalSampleUITests;
			productName = MsalSampleUITests;
			productReference = 8C68674D2B68E609004EE4CF /* MsalSampleUITests.xctest */;
			productType = "com.apple.product-type.bundle.ui-testing";
		};
/* End PBXNativeTarget section */

/* Begin PBXProject section */
		8C68672B2B68E607004EE4CF /* Project object */ = {
			isa = PBXProject;
			attributes = {
				BuildIndependentTargetsInParallel = 1;
				LastSwiftUpdateCheck = 1520;
				LastUpgradeCheck = 1520;
				TargetAttributes = {
					8C6867322B68E607004EE4CF = {
						CreatedOnToolsVersion = 15.2;
					};
					8C6867422B68E609004EE4CF = {
						CreatedOnToolsVersion = 15.2;
						TestTargetID = 8C6867322B68E607004EE4CF;
					};
					8C68674C2B68E609004EE4CF = {
						CreatedOnToolsVersion = 15.2;
						TestTargetID = 8C6867322B68E607004EE4CF;
					};
				};
			};
			buildConfigurationList = 8C68672E2B68E607004EE4CF /* Build configuration list for PBXProject "MsalSample" */;
			compatibilityVersion = "Xcode 14.0";
			developmentRegion = en;
			hasScannedForEncodings = 0;
			knownRegions = (
				en,
				Base,
			);
			mainGroup = 8C68672A2B68E607004EE4CF;
			packageReferences = (
				8C6867602B68E75D004EE4CF /* XCRemoteSwiftPackageReference "microsoft-authentication-library-for-objc" */,
				8C6867702B6A31A0004EE4CF /* XCRemoteSwiftPackageReference "Factory" */,
			);
			productRefGroup = 8C6867342B68E607004EE4CF /* Products */;
			projectDirPath = "";
			projectRoot = "";
			targets = (
				8C6867322B68E607004EE4CF /* MsalSample */,
				8C6867422B68E609004EE4CF /* MsalSampleTests */,
				8C68674C2B68E609004EE4CF /* MsalSampleUITests */,
			);
		};
/* End PBXProject section */

/* Begin PBXResourcesBuildPhase section */
		8C6867312B68E607004EE4CF /* Resources */ = {
			isa = PBXResourcesBuildPhase;
			buildActionMask = 2147483647;
			files = (
				8C6867692B69DC62004EE4CF /* Debug.Secret.xcconfig in Resources */,
				8C6867672B69D841004EE4CF /* Debug.xcconfig in Resources */,
				8C68673E2B68E609004EE4CF /* Preview Assets.xcassets in Resources */,
				8C68673B2B68E609004EE4CF /* Assets.xcassets in Resources */,
				8C6867662B69D82E004EE4CF /* Release.xcconfig in Resources */,
			);
			runOnlyForDeploymentPostprocessing = 0;
		};
		8C6867412B68E609004EE4CF /* Resources */ = {
			isa = PBXResourcesBuildPhase;
			buildActionMask = 2147483647;
			files = (
			);
			runOnlyForDeploymentPostprocessing = 0;
		};
		8C68674B2B68E609004EE4CF /* Resources */ = {
			isa = PBXResourcesBuildPhase;
			buildActionMask = 2147483647;
			files = (
			);
			runOnlyForDeploymentPostprocessing = 0;
		};
/* End PBXResourcesBuildPhase section */

/* Begin PBXSourcesBuildPhase section */
		8C68672F2B68E607004EE4CF /* Sources */ = {
			isa = PBXSourcesBuildPhase;
			buildActionMask = 2147483647;
			files = (
				8C6867862B6B42E7004EE4CF /* AuthCredentials.swift in Sources */,
				8C159B172B70851600E809BB /* MNUser.swift in Sources */,
				8C68678B2B6B583B004EE4CF /* Bundle+Extension.swift in Sources */,
				8C68677A2B6B31F7004EE4CF /* Logger.swift in Sources */,
				8C68678F2B6B6365004EE4CF /* UIApplication+TopViewController.swift in Sources */,
				8C68679B2B6CDDB6004EE4CF /* AppContext.swift in Sources */,
				8C159B1F2B70AB7900E809BB /* HTTPURLResponse+Extension.swift in Sources */,
				8C159B1B2B709F0600E809BB /* FetchService.swift in Sources */,
				8C68677E2B6B358F004EE4CF /* AuthService.swift in Sources */,
				8C6867942B6C7032004EE4CF /* ContentViewModel.swift in Sources */,
				8C6867822B6B35E6004EE4CF /* Container.swift in Sources */,
				8C159B132B7084DD00E809BB /* MNDao.swift in Sources */,
				8C6867392B68E607004EE4CF /* ContentView.swift in Sources */,
				8C6867372B68E607004EE4CF /* MsalSampleApp.swift in Sources */,
			);
			runOnlyForDeploymentPostprocessing = 0;
		};
		8C68673F2B68E609004EE4CF /* Sources */ = {
			isa = PBXSourcesBuildPhase;
			buildActionMask = 2147483647;
			files = (
				8C159B202B70AB7900E809BB /* HTTPURLResponse+Extension.swift in Sources */,
				8C6867482B68E609004EE4CF /* MsalSampleTests.swift in Sources */,
				8C68679C2B6CDDB6004EE4CF /* AppContext.swift in Sources */,
				8C68678C2B6B583B004EE4CF /* Bundle+Extension.swift in Sources */,
				8C159B182B70851600E809BB /* MNUser.swift in Sources */,
				8C159B1C2B709F0600E809BB /* FetchService.swift in Sources */,
				8C159B142B7084DD00E809BB /* MNDao.swift in Sources */,
				8C68677B2B6B31F7004EE4CF /* Logger.swift in Sources */,
				8C6867832B6B35E6004EE4CF /* Container.swift in Sources */,
				8C6867952B6C7032004EE4CF /* ContentViewModel.swift in Sources */,
				8C6867872B6B42E7004EE4CF /* AuthCredentials.swift in Sources */,
				8C68677F2B6B358F004EE4CF /* AuthService.swift in Sources */,
				8C6867902B6B6365004EE4CF /* UIApplication+TopViewController.swift in Sources */,
			);
			runOnlyForDeploymentPostprocessing = 0;
		};
		8C6867492B68E609004EE4CF /* Sources */ = {
			isa = PBXSourcesBuildPhase;
			buildActionMask = 2147483647;
			files = (
				8C6867522B68E609004EE4CF /* MsalSampleUITests.swift in Sources */,
				8C159B192B70851600E809BB /* MNUser.swift in Sources */,
				8C6867842B6B35E6004EE4CF /* Container.swift in Sources */,
				8C6867882B6B42E7004EE4CF /* AuthCredentials.swift in Sources */,
				8C68678D2B6B583B004EE4CF /* Bundle+Extension.swift in Sources */,
				8C6867962B6C7032004EE4CF /* ContentViewModel.swift in Sources */,
				8C159B212B70AB7900E809BB /* HTTPURLResponse+Extension.swift in Sources */,
				8C159B1D2B709F0600E809BB /* FetchService.swift in Sources */,
				8C68679D2B6CDDB6004EE4CF /* AppContext.swift in Sources */,
				8C6867802B6B358F004EE4CF /* AuthService.swift in Sources */,
				8C6867912B6B6365004EE4CF /* UIApplication+TopViewController.swift in Sources */,
				8C159B152B7084DD00E809BB /* MNDao.swift in Sources */,
				8C6867542B68E609004EE4CF /* MsalSampleUITestsLaunchTests.swift in Sources */,
				8C68677C2B6B31F7004EE4CF /* Logger.swift in Sources */,
			);
			runOnlyForDeploymentPostprocessing = 0;
		};
/* End PBXSourcesBuildPhase section */

/* Begin PBXTargetDependency section */
		8C6867452B68E609004EE4CF /* PBXTargetDependency */ = {
			isa = PBXTargetDependency;
			target = 8C6867322B68E607004EE4CF /* MsalSample */;
			targetProxy = 8C6867442B68E609004EE4CF /* PBXContainerItemProxy */;
		};
		8C68674F2B68E609004EE4CF /* PBXTargetDependency */ = {
			isa = PBXTargetDependency;
			target = 8C6867322B68E607004EE4CF /* MsalSample */;
			targetProxy = 8C68674E2B68E609004EE4CF /* PBXContainerItemProxy */;
		};
/* End PBXTargetDependency section */

/* Begin XCBuildConfiguration section */
		8C6867552B68E609004EE4CF /* Debug */ = {
			isa = XCBuildConfiguration;
			baseConfigurationReference = 8C6867642B69D7F0004EE4CF /* Debug.xcconfig */;
			buildSettings = {
				ALWAYS_SEARCH_USER_PATHS = NO;
				ASSETCATALOG_COMPILER_GENERATE_SWIFT_ASSET_SYMBOL_EXTENSIONS = YES;
				CLANG_ANALYZER_NONNULL = YES;
				CLANG_ANALYZER_NUMBER_OBJECT_CONVERSION = YES_AGGRESSIVE;
				CLANG_CXX_LANGUAGE_STANDARD = "gnu++20";
				CLANG_ENABLE_MODULES = YES;
				CLANG_ENABLE_OBJC_ARC = YES;
				CLANG_ENABLE_OBJC_WEAK = YES;
				CLANG_WARN_BLOCK_CAPTURE_AUTORELEASING = YES;
				CLANG_WARN_BOOL_CONVERSION = YES;
				CLANG_WARN_COMMA = YES;
				CLANG_WARN_CONSTANT_CONVERSION = YES;
				CLANG_WARN_DEPRECATED_OBJC_IMPLEMENTATIONS = YES;
				CLANG_WARN_DIRECT_OBJC_ISA_USAGE = YES_ERROR;
				CLANG_WARN_DOCUMENTATION_COMMENTS = YES;
				CLANG_WARN_EMPTY_BODY = YES;
				CLANG_WARN_ENUM_CONVERSION = YES;
				CLANG_WARN_INFINITE_RECURSION = YES;
				CLANG_WARN_INT_CONVERSION = YES;
				CLANG_WARN_NON_LITERAL_NULL_CONVERSION = YES;
				CLANG_WARN_OBJC_IMPLICIT_RETAIN_SELF = YES;
				CLANG_WARN_OBJC_LITERAL_CONVERSION = YES;
				CLANG_WARN_OBJC_ROOT_CLASS = YES_ERROR;
				CLANG_WARN_QUOTED_INCLUDE_IN_FRAMEWORK_HEADER = YES;
				CLANG_WARN_RANGE_LOOP_ANALYSIS = YES;
				CLANG_WARN_STRICT_PROTOTYPES = YES;
				CLANG_WARN_SUSPICIOUS_MOVE = YES;
				CLANG_WARN_UNGUARDED_AVAILABILITY = YES_AGGRESSIVE;
				CLANG_WARN_UNREACHABLE_CODE = YES;
				CLANG_WARN__DUPLICATE_METHOD_MATCH = YES;
				COPY_PHASE_STRIP = NO;
				DEBUG_INFORMATION_FORMAT = dwarf;
				ENABLE_STRICT_OBJC_MSGSEND = YES;
				ENABLE_TESTABILITY = YES;
				ENABLE_USER_SCRIPT_SANDBOXING = YES;
				GCC_C_LANGUAGE_STANDARD = gnu17;
				GCC_DYNAMIC_NO_PIC = NO;
				GCC_NO_COMMON_BLOCKS = YES;
				GCC_OPTIMIZATION_LEVEL = 0;
				GCC_PREPROCESSOR_DEFINITIONS = (
					"DEBUG=1",
					"$(inherited)",
				);
				GCC_WARN_64_TO_32_BIT_CONVERSION = YES;
				GCC_WARN_ABOUT_RETURN_TYPE = YES_ERROR;
				GCC_WARN_UNDECLARED_SELECTOR = YES;
				GCC_WARN_UNINITIALIZED_AUTOS = YES_AGGRESSIVE;
				GCC_WARN_UNUSED_FUNCTION = YES;
				GCC_WARN_UNUSED_VARIABLE = YES;
				IPHONEOS_DEPLOYMENT_TARGET = 17.2;
				LOCALIZATION_PREFERS_STRING_CATALOGS = YES;
				MTL_ENABLE_DEBUG_INFO = INCLUDE_SOURCE;
				MTL_FAST_MATH = YES;
				ONLY_ACTIVE_ARCH = YES;
				SDKROOT = iphoneos;
				SWIFT_ACTIVE_COMPILATION_CONDITIONS = "DEBUG $(inherited)";
				SWIFT_OPTIMIZATION_LEVEL = "-Onone";
			};
			name = Debug;
		};
		8C6867562B68E609004EE4CF /* Release */ = {
			isa = XCBuildConfiguration;
			baseConfigurationReference = 8C6867652B69D82E004EE4CF /* Release.xcconfig */;
			buildSettings = {
				ALWAYS_SEARCH_USER_PATHS = NO;
				ASSETCATALOG_COMPILER_GENERATE_SWIFT_ASSET_SYMBOL_EXTENSIONS = YES;
				CLANG_ANALYZER_NONNULL = YES;
				CLANG_ANALYZER_NUMBER_OBJECT_CONVERSION = YES_AGGRESSIVE;
				CLANG_CXX_LANGUAGE_STANDARD = "gnu++20";
				CLANG_ENABLE_MODULES = YES;
				CLANG_ENABLE_OBJC_ARC = YES;
				CLANG_ENABLE_OBJC_WEAK = YES;
				CLANG_WARN_BLOCK_CAPTURE_AUTORELEASING = YES;
				CLANG_WARN_BOOL_CONVERSION = YES;
				CLANG_WARN_COMMA = YES;
				CLANG_WARN_CONSTANT_CONVERSION = YES;
				CLANG_WARN_DEPRECATED_OBJC_IMPLEMENTATIONS = YES;
				CLANG_WARN_DIRECT_OBJC_ISA_USAGE = YES_ERROR;
				CLANG_WARN_DOCUMENTATION_COMMENTS = YES;
				CLANG_WARN_EMPTY_BODY = YES;
				CLANG_WARN_ENUM_CONVERSION = YES;
				CLANG_WARN_INFINITE_RECURSION = YES;
				CLANG_WARN_INT_CONVERSION = YES;
				CLANG_WARN_NON_LITERAL_NULL_CONVERSION = YES;
				CLANG_WARN_OBJC_IMPLICIT_RETAIN_SELF = YES;
				CLANG_WARN_OBJC_LITERAL_CONVERSION = YES;
				CLANG_WARN_OBJC_ROOT_CLASS = YES_ERROR;
				CLANG_WARN_QUOTED_INCLUDE_IN_FRAMEWORK_HEADER = YES;
				CLANG_WARN_RANGE_LOOP_ANALYSIS = YES;
				CLANG_WARN_STRICT_PROTOTYPES = YES;
				CLANG_WARN_SUSPICIOUS_MOVE = YES;
				CLANG_WARN_UNGUARDED_AVAILABILITY = YES_AGGRESSIVE;
				CLANG_WARN_UNREACHABLE_CODE = YES;
				CLANG_WARN__DUPLICATE_METHOD_MATCH = YES;
				COPY_PHASE_STRIP = NO;
				DEBUG_INFORMATION_FORMAT = "dwarf-with-dsym";
				ENABLE_NS_ASSERTIONS = NO;
				ENABLE_STRICT_OBJC_MSGSEND = YES;
				ENABLE_USER_SCRIPT_SANDBOXING = YES;
				GCC_C_LANGUAGE_STANDARD = gnu17;
				GCC_NO_COMMON_BLOCKS = YES;
				GCC_WARN_64_TO_32_BIT_CONVERSION = YES;
				GCC_WARN_ABOUT_RETURN_TYPE = YES_ERROR;
				GCC_WARN_UNDECLARED_SELECTOR = YES;
				GCC_WARN_UNINITIALIZED_AUTOS = YES_AGGRESSIVE;
				GCC_WARN_UNUSED_FUNCTION = YES;
				GCC_WARN_UNUSED_VARIABLE = YES;
				IPHONEOS_DEPLOYMENT_TARGET = 17.2;
				LOCALIZATION_PREFERS_STRING_CATALOGS = YES;
				MTL_ENABLE_DEBUG_INFO = NO;
				MTL_FAST_MATH = YES;
				SDKROOT = iphoneos;
				SWIFT_COMPILATION_MODE = wholemodule;
				VALIDATE_PRODUCT = YES;
			};
			name = Release;
		};
		8C6867582B68E609004EE4CF /* Debug */ = {
			isa = XCBuildConfiguration;
			buildSettings = {
				ASSETCATALOG_COMPILER_APPICON_NAME = AppIcon;
				ASSETCATALOG_COMPILER_GLOBAL_ACCENT_COLOR_NAME = AccentColor;
				CODE_SIGN_ENTITLEMENTS = MsalSample/MsalSample.entitlements;
				CODE_SIGN_STYLE = Automatic;
				CURRENT_PROJECT_VERSION = 1;
				DEVELOPMENT_ASSET_PATHS = "\"MsalSample/Preview Content\"";
				DEVELOPMENT_TEAM = 783N2PRQ4E;
				ENABLE_PREVIEWS = YES;
				GENERATE_INFOPLIST_FILE = YES;
				INFOPLIST_FILE = MsalSample/Info.plist;
				INFOPLIST_KEY_CFBundleDisplayName = "[DEBUG]MsalSample";
				INFOPLIST_KEY_UIApplicationSceneManifest_Generation = YES;
				INFOPLIST_KEY_UIApplicationSupportsIndirectInputEvents = YES;
				INFOPLIST_KEY_UILaunchScreen_Generation = YES;
				INFOPLIST_KEY_UISupportedInterfaceOrientations_iPad = "UIInterfaceOrientationPortrait UIInterfaceOrientationPortraitUpsideDown UIInterfaceOrientationLandscapeLeft UIInterfaceOrientationLandscapeRight";
				INFOPLIST_KEY_UISupportedInterfaceOrientations_iPhone = "UIInterfaceOrientationPortrait UIInterfaceOrientationLandscapeLeft UIInterfaceOrientationLandscapeRight";
				INFOPLIST_KEY_UISupportsDocumentBrowser = YES;
				IPHONEOS_DEPLOYMENT_TARGET = 17.0;
				LD_RUNPATH_SEARCH_PATHS = (
					"$(inherited)",
					"@executable_path/Frameworks",
				);
				MARKETING_VERSION = 1.0;
				PRODUCT_NAME = "$(TARGET_NAME)";
				SUPPORTED_PLATFORMS = "iphoneos iphonesimulator";
				SUPPORTS_MACCATALYST = NO;
				SUPPORTS_MAC_DESIGNED_FOR_IPHONE_IPAD = NO;
				SUPPORTS_XR_DESIGNED_FOR_IPHONE_IPAD = NO;
				SWIFT_EMIT_LOC_STRINGS = YES;
				SWIFT_VERSION = 5.0;
				TARGETED_DEVICE_FAMILY = 2;
			};
			name = Debug;
		};
		8C6867592B68E609004EE4CF /* Release */ = {
			isa = XCBuildConfiguration;
			buildSettings = {
				ASSETCATALOG_COMPILER_APPICON_NAME = AppIcon;
				ASSETCATALOG_COMPILER_GLOBAL_ACCENT_COLOR_NAME = AccentColor;
				CODE_SIGN_ENTITLEMENTS = MsalSample/MsalSample.entitlements;
				CODE_SIGN_STYLE = Automatic;
				CURRENT_PROJECT_VERSION = 1;
				DEVELOPMENT_ASSET_PATHS = "\"MsalSample/Preview Content\"";
				DEVELOPMENT_TEAM = 783N2PRQ4E;
				ENABLE_PREVIEWS = YES;
				GENERATE_INFOPLIST_FILE = YES;
				INFOPLIST_FILE = MsalSample/Info.plist;
				INFOPLIST_KEY_CFBundleDisplayName = "[DEBUG]MsalSample";
				INFOPLIST_KEY_UIApplicationSceneManifest_Generation = YES;
				INFOPLIST_KEY_UIApplicationSupportsIndirectInputEvents = YES;
				INFOPLIST_KEY_UILaunchScreen_Generation = YES;
				INFOPLIST_KEY_UISupportedInterfaceOrientations_iPad = "UIInterfaceOrientationPortrait UIInterfaceOrientationPortraitUpsideDown UIInterfaceOrientationLandscapeLeft UIInterfaceOrientationLandscapeRight";
				INFOPLIST_KEY_UISupportedInterfaceOrientations_iPhone = "UIInterfaceOrientationPortrait UIInterfaceOrientationLandscapeLeft UIInterfaceOrientationLandscapeRight";
				INFOPLIST_KEY_UISupportsDocumentBrowser = YES;
				IPHONEOS_DEPLOYMENT_TARGET = 17.0;
				LD_RUNPATH_SEARCH_PATHS = (
					"$(inherited)",
					"@executable_path/Frameworks",
				);
				MARKETING_VERSION = 1.0;
				PRODUCT_NAME = "$(TARGET_NAME)";
				SUPPORTED_PLATFORMS = "iphoneos iphonesimulator";
				SUPPORTS_MACCATALYST = NO;
				SUPPORTS_MAC_DESIGNED_FOR_IPHONE_IPAD = NO;
				SUPPORTS_XR_DESIGNED_FOR_IPHONE_IPAD = NO;
				SWIFT_EMIT_LOC_STRINGS = YES;
				SWIFT_VERSION = 5.0;
				TARGETED_DEVICE_FAMILY = 2;
			};
			name = Release;
		};
		8C68675B2B68E609004EE4CF /* Debug */ = {
			isa = XCBuildConfiguration;
			buildSettings = {
				ALWAYS_EMBED_SWIFT_STANDARD_LIBRARIES = YES;
				BUNDLE_LOADER = "$(TEST_HOST)";
				CODE_SIGN_STYLE = Automatic;
				CURRENT_PROJECT_VERSION = 1;
				DEVELOPMENT_TEAM = 783N2PRQ4E;
				GENERATE_INFOPLIST_FILE = YES;
				IPHONEOS_DEPLOYMENT_TARGET = 17.2;
				MARKETING_VERSION = 1.0;
				PRODUCT_BUNDLE_IDENTIFIER = "io.github.kazunori-kimura.MsalSampleTests";
				PRODUCT_NAME = "$(TARGET_NAME)";
				SWIFT_EMIT_LOC_STRINGS = NO;
				SWIFT_VERSION = 5.0;
				TARGETED_DEVICE_FAMILY = "1,2";
				TEST_HOST = "$(BUILT_PRODUCTS_DIR)/MsalSample.app/$(BUNDLE_EXECUTABLE_FOLDER_PATH)/MsalSample";
			};
			name = Debug;
		};
		8C68675C2B68E609004EE4CF /* Release */ = {
			isa = XCBuildConfiguration;
			buildSettings = {
				ALWAYS_EMBED_SWIFT_STANDARD_LIBRARIES = YES;
				BUNDLE_LOADER = "$(TEST_HOST)";
				CODE_SIGN_STYLE = Automatic;
				CURRENT_PROJECT_VERSION = 1;
				DEVELOPMENT_TEAM = 783N2PRQ4E;
				GENERATE_INFOPLIST_FILE = YES;
				IPHONEOS_DEPLOYMENT_TARGET = 17.2;
				MARKETING_VERSION = 1.0;
				PRODUCT_BUNDLE_IDENTIFIER = "io.github.kazunori-kimura.MsalSampleTests";
				PRODUCT_NAME = "$(TARGET_NAME)";
				SWIFT_EMIT_LOC_STRINGS = NO;
				SWIFT_VERSION = 5.0;
				TARGETED_DEVICE_FAMILY = "1,2";
				TEST_HOST = "$(BUILT_PRODUCTS_DIR)/MsalSample.app/$(BUNDLE_EXECUTABLE_FOLDER_PATH)/MsalSample";
			};
			name = Release;
		};
		8C68675E2B68E609004EE4CF /* Debug */ = {
			isa = XCBuildConfiguration;
			buildSettings = {
				ALWAYS_EMBED_SWIFT_STANDARD_LIBRARIES = YES;
				CODE_SIGN_STYLE = Automatic;
				CURRENT_PROJECT_VERSION = 1;
				DEVELOPMENT_TEAM = 783N2PRQ4E;
				GENERATE_INFOPLIST_FILE = YES;
				MARKETING_VERSION = 1.0;
				PRODUCT_BUNDLE_IDENTIFIER = "io.github.kazunori-kimura.MsalSampleUITests";
				PRODUCT_NAME = "$(TARGET_NAME)";
				SWIFT_EMIT_LOC_STRINGS = NO;
				SWIFT_VERSION = 5.0;
				TARGETED_DEVICE_FAMILY = "1,2";
				TEST_TARGET_NAME = MsalSample;
			};
			name = Debug;
		};
		8C68675F2B68E609004EE4CF /* Release */ = {
			isa = XCBuildConfiguration;
			buildSettings = {
				ALWAYS_EMBED_SWIFT_STANDARD_LIBRARIES = YES;
				CODE_SIGN_STYLE = Automatic;
				CURRENT_PROJECT_VERSION = 1;
				DEVELOPMENT_TEAM = 783N2PRQ4E;
				GENERATE_INFOPLIST_FILE = YES;
				MARKETING_VERSION = 1.0;
				PRODUCT_BUNDLE_IDENTIFIER = "io.github.kazunori-kimura.MsalSampleUITests";
				PRODUCT_NAME = "$(TARGET_NAME)";
				SWIFT_EMIT_LOC_STRINGS = NO;
				SWIFT_VERSION = 5.0;
				TARGETED_DEVICE_FAMILY = "1,2";
				TEST_TARGET_NAME = MsalSample;
			};
			name = Release;
		};
/* End XCBuildConfiguration section */

/* Begin XCConfigurationList section */
		8C68672E2B68E607004EE4CF /* Build configuration list for PBXProject "MsalSample" */ = {
			isa = XCConfigurationList;
			buildConfigurations = (
				8C6867552B68E609004EE4CF /* Debug */,
				8C6867562B68E609004EE4CF /* Release */,
			);
			defaultConfigurationIsVisible = 0;
			defaultConfigurationName = Debug;
		};
		8C6867572B68E609004EE4CF /* Build configuration list for PBXNativeTarget "MsalSample" */ = {
			isa = XCConfigurationList;
			buildConfigurations = (
				8C6867582B68E609004EE4CF /* Debug */,
				8C6867592B68E609004EE4CF /* Release */,
			);
			defaultConfigurationIsVisible = 0;
			defaultConfigurationName = Debug;
		};
		8C68675A2B68E609004EE4CF /* Build configuration list for PBXNativeTarget "MsalSampleTests" */ = {
			isa = XCConfigurationList;
			buildConfigurations = (
				8C68675B2B68E609004EE4CF /* Debug */,
				8C68675C2B68E609004EE4CF /* Release */,
			);
			defaultConfigurationIsVisible = 0;
			defaultConfigurationName = Debug;
		};
		8C68675D2B68E609004EE4CF /* Build configuration list for PBXNativeTarget "MsalSampleUITests" */ = {
			isa = XCConfigurationList;
			buildConfigurations = (
				8C68675E2B68E609004EE4CF /* Debug */,
				8C68675F2B68E609004EE4CF /* Release */,
			);
			defaultConfigurationIsVisible = 0;
			defaultConfigurationName = Debug;
		};
/* End XCConfigurationList section */

/* Begin XCRemoteSwiftPackageReference section */
		8C6867602B68E75D004EE4CF /* XCRemoteSwiftPackageReference "microsoft-authentication-library-for-objc" */ = {
			isa = XCRemoteSwiftPackageReference;
			repositoryURL = "https://github.com/AzureAD/microsoft-authentication-library-for-objc";
			requirement = {
				kind = upToNextMajorVersion;
				minimumVersion = 1.2.21;
			};
		};
		8C6867702B6A31A0004EE4CF /* XCRemoteSwiftPackageReference "Factory" */ = {
			isa = XCRemoteSwiftPackageReference;
			repositoryURL = "https://github.com/hmlongco/Factory";
			requirement = {
				kind = upToNextMajorVersion;
				minimumVersion = 2.3.1;
			};
		};
/* End XCRemoteSwiftPackageReference section */

/* Begin XCSwiftPackageProductDependency section */
		8C6867612B68E75D004EE4CF /* MSAL */ = {
			isa = XCSwiftPackageProductDependency;
			package = 8C6867602B68E75D004EE4CF /* XCRemoteSwiftPackageReference "microsoft-authentication-library-for-objc" */;
			productName = MSAL;
		};
		8C6867712B6A31A0004EE4CF /* Factory */ = {
			isa = XCSwiftPackageProductDependency;
			package = 8C6867702B6A31A0004EE4CF /* XCRemoteSwiftPackageReference "Factory" */;
			productName = Factory;
		};
/* End XCSwiftPackageProductDependency section */
	};
	rootObject = 8C68672B2B68E607004EE4CF /* Project object */;
}
